// !$*UTF8*$!
{
	archiveVersion = 1;
	classes = {
	};
	objectVersion = 46;
	objects = {

/* Begin PBXBuildFile section */
		42CA4EC51A5F115200570C88 /* AppDelegate.swift in Sources */ = {isa = PBXBuildFile; fileRef = 42CA4EC41A5F115200570C88 /* AppDelegate.swift */; };
		42CA4EC71A5F115200570C88 /* ViewController.swift in Sources */ = {isa = PBXBuildFile; fileRef = 42CA4EC61A5F115200570C88 /* ViewController.swift */; };
		42CA4ECA1A5F115200570C88 /* Main.storyboard in Resources */ = {isa = PBXBuildFile; fileRef = 42CA4EC81A5F115200570C88 /* Main.storyboard */; };
		42CA4ECC1A5F115200570C88 /* Images.xcassets in Resources */ = {isa = PBXBuildFile; fileRef = 42CA4ECB1A5F115200570C88 /* Images.xcassets */; };
		42CA4ECF1A5F115200570C88 /* LaunchScreen.xib in Resources */ = {isa = PBXBuildFile; fileRef = 42CA4ECD1A5F115200570C88 /* LaunchScreen.xib */; };
		42CA4EDB1A5F115200570C88 /* PostCard1Tests.swift in Sources */ = {isa = PBXBuildFile; fileRef = 42CA4EDA1A5F115200570C88 /* PostCard1Tests.swift */; };
		42CA4EE51A5F2A3C00570C88 /* Sagrada_Família._Façana_del_Naixement.jpg in Resources */ = {isa = PBXBuildFile; fileRef = 42CA4EE41A5F2A3C00570C88 /* Sagrada_Família._Façana_del_Naixement.jpg */; };
		42CA4EE71A5F353A00570C88 /* sellouncentavo.jpg in Resources */ = {isa = PBXBuildFile; fileRef = 42CA4EE61A5F353A00570C88 /* sellouncentavo.jpg */; };
/* End PBXBuildFile section */

/* Begin PBXContainerItemProxy section */
		42CA4ED51A5F115200570C88 /* PBXContainerItemProxy */ = {
			isa = PBXContainerItemProxy;
			containerPortal = 42CA4EB71A5F115200570C88 /* Project object */;
			proxyType = 1;
			remoteGlobalIDString = 42CA4EBE1A5F115200570C88;
			remoteInfo = PostCard1;
		};
/* End PBXContainerItemProxy section */

/* Begin PBXFileReference section */
		42CA4EBF1A5F115200570C88 /* PostCard1.app */ = {isa = PBXFileReference; explicitFileType = wrapper.application; includeInIndex = 0; path = PostCard1.app; sourceTree = BUILT_PRODUCTS_DIR; };
		42CA4EC31A5F115200570C88 /* Info.plist */ = {isa = PBXFileReference; lastKnownFileType = text.plist.xml; path = Info.plist; sourceTree = "<group>"; };
		42CA4EC41A5F115200570C88 /* AppDelegate.swift */ = {isa = PBXFileReference; lastKnownFileType = sourcecode.swift; path = AppDelegate.swift; sourceTree = "<group>"; };
		42CA4EC61A5F115200570C88 /* ViewController.swift */ = {isa = PBXFileReference; lastKnownFileType = sourcecode.swift; path = ViewController.swift; sourceTree = "<group>"; };
		42CA4EC91A5F115200570C88 /* Base */ = {isa = PBXFileReference; lastKnownFileType = file.storyboard; name = Base; path = Base.lproj/Main.storyboard; sourceTree = "<group>"; };
		42CA4ECB1A5F115200570C88 /* Images.xcassets */ = {isa = PBXFileReference; lastKnownFileType = folder.assetcatalog; path = Images.xcassets; sourceTree = "<group>"; };
		42CA4ECE1A5F115200570C88 /* Base */ = {isa = PBXFileReference; lastKnownFileType = file.xib; name = Base; path = Base.lproj/LaunchScreen.xib; sourceTree = "<group>"; };
		42CA4ED41A5F115200570C88 /* PostCard1Tests.xctest */ = {isa = PBXFileReference; explicitFileType = wrapper.cfbundle; includeInIndex = 0; path = PostCard1Tests.xctest; sourceTree = BUILT_PRODUCTS_DIR; };
		42CA4ED91A5F115200570C88 /* Info.plist */ = {isa = PBXFileReference; lastKnownFileType = text.plist.xml; path = Info.plist; sourceTree = "<group>"; };
		42CA4EDA1A5F115200570C88 /* PostCard1Tests.swift */ = {isa = PBXFileReference; lastKnownFileType = sourcecode.swift; path = PostCard1Tests.swift; sourceTree = "<group>"; };
		42CA4EE41A5F2A3C00570C88 /* Sagrada_Família._Façana_del_Naixement.jpg */ = {isa = PBXFileReference; lastKnownFileType = image.jpeg; path = "Sagrada_Família._Façana_del_Naixement.jpg"; sourceTree = "<group>"; };
		42CA4EE61A5F353A00570C88 /* sellouncentavo.jpg */ = {isa = PBXFileReference; lastKnownFileType = image.jpeg; path = sellouncentavo.jpg; sourceTree = "<group>"; };
/* End PBXFileReference section */

/* Begin PBXFrameworksBuildPhase section */
		42CA4EBC1A5F115200570C88 /* Frameworks */ = {
			isa = PBXFrameworksBuildPhase;
			buildActionMask = 2147483647;
			files = (
			);
			runOnlyForDeploymentPostprocessing = 0;
		};
		42CA4ED11A5F115200570C88 /* Frameworks */ = {
			isa = PBXFrameworksBuildPhase;
			buildActionMask = 2147483647;
			files = (
			);
			runOnlyForDeploymentPostprocessing = 0;
		};
/* End PBXFrameworksBuildPhase section */

/* Begin PBXGroup section */
		42CA4EB61A5F115200570C88 = {
			isa = PBXGroup;
			children = (
				42CA4EC11A5F115200570C88 /* PostCard1 */,
				42CA4ED71A5F115200570C88 /* PostCard1Tests */,
				42CA4EC01A5F115200570C88 /* Products */,
			);
			sourceTree = "<group>";
		};
		42CA4EC01A5F115200570C88 /* Products */ = {
			isa = PBXGroup;
			children = (
				42CA4EBF1A5F115200570C88 /* PostCard1.app */,
				42CA4ED41A5F115200570C88 /* PostCard1Tests.xctest */,
			);
			name = Products;
			sourceTree = "<group>";
		};
		42CA4EC11A5F115200570C88 /* PostCard1 */ = {
			isa = PBXGroup;
			children = (
				42CA4EC41A5F115200570C88 /* AppDelegate.swift */,
				42CA4EC61A5F115200570C88 /* ViewController.swift */,
				42CA4EC81A5F115200570C88 /* Main.storyboard */,
				42CA4ECB1A5F115200570C88 /* Images.xcassets */,
				42CA4ECD1A5F115200570C88 /* LaunchScreen.xib */,
				42CA4EC21A5F115200570C88 /* Supporting Files */,
			);
			path = PostCard1;
			sourceTree = "<group>";
		};
		42CA4EC21A5F115200570C88 /* Supporting Files */ = {
			isa = PBXGroup;
			children = (
				42CA4EE61A5F353A00570C88 /* sellouncentavo.jpg */,
				42CA4EE41A5F2A3C00570C88 /* Sagrada_Família._Façana_del_Naixement.jpg */,
				42CA4EC31A5F115200570C88 /* Info.plist */,
			);
			name = "Supporting Files";
			sourceTree = "<group>";
		};
		42CA4ED71A5F115200570C88 /* PostCard1Tests */ = {
			isa = PBXGroup;
			children = (
				42CA4EDA1A5F115200570C88 /* PostCard1Tests.swift */,
				42CA4ED81A5F115200570C88 /* Supporting Files */,
			);
			path = PostCard1Tests;
			sourceTree = "<group>";
		};
		42CA4ED81A5F115200570C88 /* Supporting Files */ = {
			isa = PBXGroup;
			children = (
				42CA4ED91A5F115200570C88 /* Info.plist */,
			);
			name = "Supporting Files";
			sourceTree = "<group>";
		};
/* End PBXGroup section */

/* Begin PBXNativeTarget section */
		42CA4EBE1A5F115200570C88 /* PostCard1 */ = {
			isa = PBXNativeTarget;
			buildConfigurationList = 42CA4EDE1A5F115200570C88 /* Build configuration list for PBXNativeTarget "PostCard1" */;
			buildPhases = (
				42CA4EBB1A5F115200570C88 /* Sources */,
				42CA4EBC1A5F115200570C88 /* Frameworks */,
				42CA4EBD1A5F115200570C88 /* Resources */,
			);
			buildRules = (
			);
			dependencies = (
			);
			name = PostCard1;
			productName = PostCard1;
			productReference = 42CA4EBF1A5F115200570C88 /* PostCard1.app */;
			productType = "com.apple.product-type.application";
		};
		42CA4ED31A5F115200570C88 /* PostCard1Tests */ = {
			isa = PBXNativeTarget;
			buildConfigurationList = 42CA4EE11A5F115200570C88 /* Build configuration list for PBXNativeTarget "PostCard1Tests" */;
			buildPhases = (
				42CA4ED01A5F115200570C88 /* Sources */,
				42CA4ED11A5F115200570C88 /* Frameworks */,
				42CA4ED21A5F115200570C88 /* Resources */,
			);
			buildRules = (
			);
			dependencies = (
				42CA4ED61A5F115200570C88 /* PBXTargetDependency */,
			);
			name = PostCard1Tests;
			productName = PostCard1Tests;
			productReference = 42CA4ED41A5F115200570C88 /* PostCard1Tests.xctest */;
			productType = "com.apple.product-type.bundle.unit-test";
		};
/* End PBXNativeTarget section */

/* Begin PBXProject section */
		42CA4EB71A5F115200570C88 /* Project object */ = {
			isa = PBXProject;
			attributes = {
				LastUpgradeCheck = 0600;
				ORGANIZATIONNAME = "Joshua Matus";
				TargetAttributes = {
					42CA4EBE1A5F115200570C88 = {
						CreatedOnToolsVersion = 6.0.1;
					};
					42CA4ED31A5F115200570C88 = {
						CreatedOnToolsVersion = 6.0.1;
						TestTargetID = 42CA4EBE1A5F115200570C88;
					};
				};
			};
			buildConfigurationList = 42CA4EBA1A5F115200570C88 /* Build configuration list for PBXProject "PostCard1" */;
			compatibilityVersion = "Xcode 3.2";
			developmentRegion = English;
			hasScannedForEncodings = 0;
			knownRegions = (
				en,
				Base,
			);
			mainGroup = 42CA4EB61A5F115200570C88;
			productRefGroup = 42CA4EC01A5F115200570C88 /* Products */;
			projectDirPath = "";
			projectRoot = "";
			targets = (
				42CA4EBE1A5F115200570C88 /* PostCard1 */,
				42CA4ED31A5F115200570C88 /* PostCard1Tests */,
			);
		};
/* End PBXProject section */

/* Begin PBXResourcesBuildPhase section */
		42CA4EBD1A5F115200570C88 /* Resources */ = {
			isa = PBXResourcesBuildPhase;
			buildActionMask = 2147483647;
			files = (
				42CA4ECA1A5F115200570C88 /* Main.storyboard in Resources */,
				42CA4EE71A5F353A00570C88 /* sellouncentavo.jpg in Resources */,
				42CA4ECF1A5F115200570C88 /* LaunchScreen.xib in Resources */,
				42CA4EE51A5F2A3C00570C88 /* Sagrada_Família._Façana_del_Naixement.jpg in Resources */,
				42CA4ECC1A5F115200570C88 /* Images.xcassets in Resources */,
			);
			runOnlyForDeploymentPostprocessing = 0;
		};
		42CA4ED21A5F115200570C88 /* Resources */ = {
			isa = PBXResourcesBuildPhase;
			buildActionMask = 2147483647;
			files = (
			);
			runOnlyForDeploymentPostprocessing = 0;
		};
/* End PBXResourcesBuildPhase section */

/* Begin PBXSourcesBuildPhase section */
		42CA4EBB1A5F115200570C88 /* Sources */ = {
			isa = PBXSourcesBuildPhase;
			buildActionMask = 2147483647;
			files = (
				42CA4EC71A5F115200570C88 /* ViewController.swift in Sources */,
				42CA4EC51A5F115200570C88 /* AppDelegate.swift in Sources */,
			);
			runOnlyForDeploymentPostprocessing = 0;
		};
		42CA4ED01A5F115200570C88 /* Sources */ = {
			isa = PBXSourcesBuildPhase;
			buildActionMask = 2147483647;
			files = (
				42CA4EDB1A5F115200570C88 /* PostCard1Tests.swift in Sources */,
			);
			runOnlyForDeploymentPostprocessing = 0;
		};
/* End PBXSourcesBuildPhase section */

/* Begin PBXTargetDependency section */
		42CA4ED61A5F115200570C88 /* PBXTargetDependency */ = {
			isa = PBXTargetDependency;
			target = 42CA4EBE1A5F115200570C88 /* PostCard1 */;
			targetProxy = 42CA4ED51A5F115200570C88 /* PBXContainerItemProxy */;
		};
/* End PBXTargetDependency section */

/* Begin PBXVariantGroup section */
		42CA4EC81A5F115200570C88 /* Main.storyboard */ = {
			isa = PBXVariantGroup;
			children = (
				42CA4EC91A5F115200570C88 /* Base */,
			);
			name = Main.storyboard;
			sourceTree = "<group>";
		};
		42CA4ECD1A5F115200570C88 /* LaunchScreen.xib */ = {
			isa = PBXVariantGroup;
			children = (
				42CA4ECE1A5F115200570C88 /* Base */,
			);
			name = LaunchScreen.xib;
			sourceTree = "<group>";
		};
/* End PBXVariantGroup section */

/* Begin XCBuildConfiguration section */
		42CA4EDC1A5F115200570C88 /* Debug */ = {
			isa = XCBuildConfiguration;
			buildSettings = {
				ALWAYS_SEARCH_USER_PATHS = NO;
				CLANG_CXX_LANGUAGE_STANDARD = "gnu++0x";
				CLANG_CXX_LIBRARY = "libc++";
				CLANG_ENABLE_MODULES = YES;
				CLANG_ENABLE_OBJC_ARC = YES;
				CLANG_WARN_BOOL_CONVERSION = YES;
				CLANG_WARN_CONSTANT_CONVERSION = YES;
				CLANG_WARN_DIRECT_OBJC_ISA_USAGE = YES_ERROR;
				CLANG_WARN_EMPTY_BODY = YES;
				CLANG_WARN_ENUM_CONVERSION = YES;
				CLANG_WARN_INT_CONVERSION = YES;
				CLANG_WARN_OBJC_ROOT_CLASS = YES_ERROR;
				CLANG_WARN_UNREACHABLE_CODE = YES;
				CLANG_WARN__DUPLICATE_METHOD_MATCH = YES;
				"CODE_SIGN_IDENTITY[sdk=iphoneos*]" = "iPhone Developer";
				COPY_PHASE_STRIP = NO;
				ENABLE_STRICT_OBJC_MSGSEND = YES;
				GCC_C_LANGUAGE_STANDARD = gnu99;
				GCC_DYNAMIC_NO_PIC = NO;
				GCC_OPTIMIZATION_LEVEL = 0;
				GCC_PREPROCESSOR_DEFINITIONS = (
					"DEBUG=1",
					"$(inherited)",
				);
				GCC_SYMBOLS_PRIVATE_EXTERN = NO;
				GCC_WARN_64_TO_32_BIT_CONVERSION = YES;
				GCC_WARN_ABOUT_RETURN_TYPE = YES_ERROR;
				GCC_WARN_UNDECLARED_SELECTOR = YES;
				GCC_WARN_UNINITIALIZED_AUTOS = YES_AGGRESSIVE;
				GCC_WARN_UNUSED_FUNCTION = YES;
				GCC_WARN_UNUSED_VARIABLE = YES;
				IPHONEOS_DEPLOYMENT_TARGET = 8.0;
				MTL_ENABLE_DEBUG_INFO = YES;
				ONLY_ACTIVE_ARCH = YES;
				SDKROOT = iphoneos;
				SWIFT_OPTIMIZATION_LEVEL = "-Onone";
				TARGETED_DEVICE_FAMILY = "1,2";
			};
			name = Debug;
		};
		42CA4EDD1A5F115200570C88 /* Release */ = {
			isa = XCBuildConfiguration;
			buildSettings = {
				ALWAYS_SEARCH_USER_PATHS = NO;
				CLANG_CXX_LANGUAGE_STANDARD = "gnu++0x";
				CLANG_CXX_LIBRARY = "libc++";
				CLANG_ENABLE_MODULES = YES;
				CLANG_ENABLE_OBJC_ARC = YES;
				CLANG_WARN_BOOL_CONVERSION = YES;
				CLANG_WARN_CONSTANT_CONVERSION = YES;
				CLANG_WARN_DIRECT_OBJC_ISA_USAGE = YES_ERROR;
				CLANG_WARN_EMPTY_BODY = YES;
				CLANG_WARN_ENUM_CONVERSION = YES;
				CLANG_WARN_INT_CONVERSION = YES;
				CLANG_WARN_OBJC_ROOT_CLASS = YES_ERROR;
				CLANG_WARN_UNREACHABLE_CODE = YES;
				CLANG_WARN__DUPLICATE_METHOD_MATCH = YES;
				"CODE_SIGN_IDENTITY[sdk=iphoneos*]" = "iPhone Developer";
				COPY_PHASE_STRIP = YES;
				ENABLE_NS_ASSERTIONS = NO;
				ENABLE_STRICT_OBJC_MSGSEND = YES;
				GCC_C_LANGUAGE_STANDARD = gnu99;
				GCC_WARN_64_TO_32_BIT_CONVERSION = YES;
				GCC_WARN_ABOUT_RETURN_TYPE = YES_ERROR;
				GCC_WARN_UNDECLARED_SELECTOR = YES;
				GCC_WARN_UNINITIALIZED_AUTOS = YES_AGGRESSIVE;
				GCC_WARN_UNUSED_FUNCTION = YES;
				GCC_WARN_UNUSED_VARIABLE = YES;
				IPHONEOS_DEPLOYMENT_TARGET = 8.0;
				MTL_ENABLE_DEBUG_INFO = NO;
				SDKROOT = iphoneos;
				TARGETED_DEVICE_FAMILY = "1,2";
				VALIDATE_PRODUCT = YES;
			};
			name = Release;
		};
		42CA4EDF1A5F115200570C88 /* Debug */ = {
			isa = XCBuildConfiguration;
			buildSettings = {
				ASSETCATALOG_COMPILER_APPICON_NAME = AppIcon;
				INFOPLIST_FILE = PostCard1/Info.plist;
				LD_RUNPATH_SEARCH_PATHS = "$(inherited) @executable_path/Frameworks";
				PRODUCT_NAME = "$(TARGET_NAME)";
			};
			name = Debug;
		};
		42CA4EE01A5F115200570C88 /* Release */ = {
			isa = XCBuildConfiguration;
			buildSettings = {
				ASSETCATALOG_COMPILER_APPICON_NAME = AppIcon;
				INFOPLIST_FILE = PostCard1/Info.plist;
				LD_RUNPATH_SEARCH_PATHS = "$(inherited) @executable_path/Frameworks";
				PRODUCT_NAME = "$(TARGET_NAME)";
			};
			name = Release;
		};
		42CA4EE21A5F115200570C88 /* Debug */ = {
			isa = XCBuildConfiguration;
			buildSettings = {
				BUNDLE_LOADER = "$(TEST_HOST)";
				FRAMEWORK_SEARCH_PATHS = (
					"$(SDKROOT)/Developer/Library/Frameworks",
					"$(inherited)",
				);
				GCC_PREPROCESSOR_DEFINITIONS = (
					"DEBUG=1",
					"$(inherited)",
				);
				INFOPLIST_FILE = PostCard1Tests/Info.plist;
				LD_RUNPATH_SEARCH_PATHS = "$(inherited) @executable_path/Frameworks @loader_path/Frameworks";
				PRODUCT_NAME = "$(TARGET_NAME)";
				TEST_HOST = "$(BUILT_PRODUCTS_DIR)/PostCard1.app/PostCard1";
			};
			name = Debug;
		};
		42CA4EE31A5F115200570C88 /* Release */ = {
			isa = XCBuildConfiguration;
			buildSettings = {
				BUNDLE_LOADER = "$(TEST_HOST)";
				FRAMEWORK_SEARCH_PATHS = (
					"$(SDKROOT)/Developer/Library/Frameworks",
					"$(inherited)",
				);
				INFOPLIST_FILE = PostCard1Tests/Info.plist;
				LD_RUNPATH_SEARCH_PATHS = "$(inherited) @executable_path/Frameworks @loader_path/Frameworks";
				PRODUCT_NAME = "$(TARGET_NAME)";
				TEST_HOST = "$(BUILT_PRODUCTS_DIR)/PostCard1.app/PostCard1";
			};
			name = Release;
		};
/* End XCBuildConfiguration section */

/* Begin XCConfigurationList section */
		42CA4EBA1A5F115200570C88 /* Build configuration list for PBXProject "PostCard1" */ = {
			isa = XCConfigurationList;
			buildConfigurations = (
				42CA4EDC1A5F115200570C88 /* Debug */,
				42CA4EDD1A5F115200570C88 /* Release */,
			);
			defaultConfigurationIsVisible = 0;
			defaultConfigurationName = Release;
		};
		42CA4EDE1A5F115200570C88 /* Build configuration list for PBXNativeTarget "PostCard1" */ = {
			isa = XCConfigurationList;
			buildConfigurations = (
				42CA4EDF1A5F115200570C88 /* Debug */,
				42CA4EE01A5F115200570C88 /* Release */,
			);
			defaultConfigurationIsVisible = 0;
		};
		42CA4EE11A5F115200570C88 /* Build configuration list for PBXNativeTarget "PostCard1Tests" */ = {
			isa = XCConfigurationList;
			buildConfigurations = (
				42CA4EE21A5F115200570C88 /* Debug */,
				42CA4EE31A5F115200570C88 /* Release */,
			);
			defaultConfigurationIsVisible = 0;
		};
/* End XCConfigurationList section */
	};
	rootObject = 42CA4EB71A5F115200570C88 /* Project object */;
}
